{
  "name": "server",
  "version": "1.0.0",
  "lockfileVersion": 1,
  "requires": true,
  "dependencies": {
    "deep-equal": {
      "version": "1.0.1",
      "resolved": "http://r.cnpmjs.org/deep-equal/download/deep-equal-1.0.1.tgz",
      "integrity": "sha1-9dJgKStmDghO/0zbyfCK0yR0SLU="
    },
    "depd": {
      "version": "1.1.2",
      "resolved": "https://registry.npmjs.org/depd/-/depd-1.1.2.tgz",
      "integrity": "sha1-m81S4UwJd2PnSbJ0xDRu0uVgtak="
    },
    "http-assert": {
      "version": "1.4.1",
      "resolved": "http://r.cnpmjs.org/http-assert/download/http-assert-1.4.1.tgz",
      "integrity": "sha1-xfcl1neqfoc+9zYZm4lobM6zeHg=",
      "requires": {
        "deep-equal": "~1.0.1",
        "http-errors": "~1.7.2"
      }
    },
    "http-errors": {
      "version": "1.7.2",
      "resolved": "https://registry.npmjs.org/http-errors/-/http-errors-1.7.2.tgz",
      "integrity": "sha512-uUQBt3H/cSIVfch6i1EuPNy/YsRSOUBXTVfZ+yR7Zjez3qjBz6i9+i4zjNaoqcoFVI4lQJ5plg63TvGfRSDCRg==",
      "requires": {
        "depd": "~1.1.2",
        "inherits": "2.0.3",
        "setprototypeof": "1.1.1",
        "statuses": ">= 1.5.0 < 2",
        "toidentifier": "1.0.0"
      }
    },
    "httpntlm": {
      "version": "1.6.1",
      "resolved": "http://r.cnpmjs.org/httpntlm/download/httpntlm-1.6.1.tgz",
      "integrity": "sha1-rQFScUOi6Hc8+uapb1hla7UqNLI=",
      "requires": {
        "httpreq": ">=0.4.22",
        "underscore": "~1.7.0"
      }
    },
    "httpreq": {
      "version": "0.4.24",
      "resolved": "http://r.cnpmjs.org/httpreq/download/httpreq-0.4.24.tgz",
      "integrity": "sha1-QzX/2CzZaWaKOUZckprGHWOTYn8="
    },
    "inherits": {
      "version": "2.0.3",
      "resolved": "https://registry.npmjs.org/inherits/-/inherits-2.0.3.tgz",
      "integrity": "sha1-Yzwsg+PaQqUC9SRmAiSA9CCCYd4="
    },
    "nodemailer-fetch": {
      "version": "1.6.0",
      "resolved": "http://r.cnpmjs.org/nodemailer-fetch/download/nodemailer-fetch-1.6.0.tgz",
      "integrity": "sha1-ecSQihwPXzdbc/6IjamCj23JY6Q="
    },
    "nodemailer-shared": {
      "version": "1.1.0",
      "resolved": "http://r.cnpmjs.org/nodemailer-shared/download/nodemailer-shared-1.1.0.tgz",
      "integrity": "sha1-z1mU4v0mjQD1zw+nZ6CBae2wfsA=",
      "requires": {
        "nodemailer-fetch": "1.6.0"
      }
    },
    "nodemailer-smtp-transport": {
      "version": "2.7.4",
      "resolved": "http://r.cnpmjs.org/nodemailer-smtp-transport/download/nodemailer-smtp-transport-2.7.4.tgz",
      "integrity": "sha1-DYmvAZoUSkgP2OzJmZfZ+DjxNoU=",
      "requires": {
        "nodemailer-shared": "1.1.0",
        "nodemailer-wellknown": "0.1.10",
        "smtp-connection": "2.12.0"
      }
    },
    "nodemailer-wellknown": {
      "version": "0.1.10",
      "resolved": "http://r.cnpmjs.org/nodemailer-wellknown/download/nodemailer-wellknown-0.1.10.tgz",
      "integrity": "sha1-WG24EB2zDLRDjrVGc3pBqtDPE9U="
    },
    "setprototypeof": {
      "version": "1.1.1",
      "resolved": "https://registry.npmjs.org/setprototypeof/-/setprototypeof-1.1.1.tgz",
      "integrity": "sha512-JvdAWfbXeIGaZ9cILp38HntZSFSo3mWg6xGcJJsd+d4aRMOqauag1C63dJfDw7OaMYwEbHMOxEZ1lqVRYP2OAw=="
    },
    "smtp-connection": {
      "version": "2.12.0",
      "resolved": "http://r.cnpmjs.org/smtp-connection/download/smtp-connection-2.12.0.tgz",
      "integrity": "sha1-1275EnyyPCJZ7bHoNJwujV4tdME=",
      "requires": {
        "httpntlm": "1.6.1",
        "nodemailer-shared": "1.1.0"
      }
    },
    "statuses": {
      "version": "1.5.0",
      "resolved": "https://registry.npmjs.org/statuses/-/statuses-1.5.0.tgz",
      "integrity": "sha1-Fhx9rBd2Wf2YEfQ3cfqZOBR4Yow="
    },
    "toidentifier": {
      "version": "1.0.0",
      "resolved": "https://registry.npmjs.org/toidentifier/-/toidentifier-1.0.0.tgz",
      "integrity": "sha512-yaOH/Pk/VEhBWWTlhI+qXxDFXlejDGcQipMlyxda9nthulaxLZUNcUqFxokp0vcYnvteJln5FNQDRrxj3YcbVw=="
    },
    "underscore": {
      "version": "1.7.0",
      "resolved": "http://r.cnpmjs.org/underscore/download/underscore-1.7.0.tgz",
      "integrity": "sha1-a7rwh3UA02vjTsqlhODbn+8DUgk="
    }
  }
}
